// !$*UTF8*$!
{
	archiveVersion = 1;
	classes = {
	};
	objectVersion = 48;
	objects = {

/* Begin PBXBuildFile section */
		4100C97C21017A0000C24683 /* libglfw3.a in Frameworks */ = {isa = PBXBuildFile; fileRef = 4100C97B21017A0000C24683 /* libglfw3.a */; };
		4100C97E21017AC600C24683 /* OpenGL.framework in Frameworks */ = {isa = PBXBuildFile; fileRef = 4100C97D21017AC600C24683 /* OpenGL.framework */; };
		4100C98021017B1300C24683 /* QuartzCore.framework in Frameworks */ = {isa = PBXBuildFile; fileRef = 4100C97F21017B1300C24683 /* QuartzCore.framework */; };
		4100C98221017BAA00C24683 /* CoreFoundation.framework in Frameworks */ = {isa = PBXBuildFile; fileRef = 4100C98121017BAA00C24683 /* CoreFoundation.framework */; };
		4100C98421017C0C00C24683 /* CoreGraphics.framework in Frameworks */ = {isa = PBXBuildFile; fileRef = 4100C98321017C0C00C24683 /* CoreGraphics.framework */; };
		4100C98621017C6A00C24683 /* CoreVideo.framework in Frameworks */ = {isa = PBXBuildFile; fileRef = 4100C98521017C6A00C24683 /* CoreVideo.framework */; };
		4100C98821017C7100C24683 /* IOKit.framework in Frameworks */ = {isa = PBXBuildFile; fileRef = 4100C98721017C7100C24683 /* IOKit.framework */; };
		4100C98A21017C9800C24683 /* AppKit.framework in Frameworks */ = {isa = PBXBuildFile; fileRef = 4100C98921017C9800C24683 /* AppKit.framework */; };
		4100C9952101D5E000C24683 /* glad.c in Sources */ = {isa = PBXBuildFile; fileRef = 4100C9942101D5E000C24683 /* glad.c */; };
		4100C99A2103100C00C24683 /* HelloTriangle.cpp in Sources */ = {isa = PBXBuildFile; fileRef = 4100C9992103100C00C24683 /* HelloTriangle.cpp */; };
		4100C99C210311CE00C24683 /* HelloWindows.cpp in Sources */ = {isa = PBXBuildFile; fileRef = 4100C99B210311CE00C24683 /* HelloWindows.cpp */; };
		4100C99E21036DFD00C24683 /* HelloShader.cpp in Sources */ = {isa = PBXBuildFile; fileRef = 4100C99D21036DFD00C24683 /* HelloShader.cpp */; };
		4100C9A92103829600C24683 /* HelloShaderEX.cpp in Sources */ = {isa = PBXBuildFile; fileRef = 4100C9A82103829600C24683 /* HelloShaderEX.cpp */; };
		4100C9AE210383BF00C24683 /* hello_shaderex.vs in Sources */ = {isa = PBXBuildFile; fileRef = 4100C9AD210383BF00C24683 /* hello_shaderex.vs */; };
		4100C9B0210383EE00C24683 /* hello_shaderex.fs in Sources */ = {isa = PBXBuildFile; fileRef = 4100C9AF210383EE00C24683 /* hello_shaderex.fs */; };
		4100C9B32104D72600C24683 /* stb_image.cpp in Sources */ = {isa = PBXBuildFile; fileRef = 4100C9B22104D72600C24683 /* stb_image.cpp */; };
		4100C9B62104D79B00C24683 /* HelloTexture.cpp in Sources */ = {isa = PBXBuildFile; fileRef = 4100C9B52104D79B00C24683 /* HelloTexture.cpp */; };
		4100C9B92104DB8100C24683 /* hello_texture.fs in Sources */ = {isa = PBXBuildFile; fileRef = 4100C9B72104DB8100C24683 /* hello_texture.fs */; };
		4100C9BC210627F000C24683 /* HelloTransform.cpp in Sources */ = {isa = PBXBuildFile; fileRef = 4100C9BB210627F000C24683 /* HelloTransform.cpp */; };
		4100C9BF2106D52B00C24683 /* hello_transform.vs in Sources */ = {isa = PBXBuildFile; fileRef = 4100C9BD2106D52B00C24683 /* hello_transform.vs */; };
		4100C9C12106DB3900C24683 /* HelloCoord.cpp in Sources */ = {isa = PBXBuildFile; fileRef = 4100C9C02106DB3900C24683 /* HelloCoord.cpp */; };
		4100C9C62106DBB300C24683 /* hello_coord.vs in Sources */ = {isa = PBXBuildFile; fileRef = 4100C9C42106DBB300C24683 /* hello_coord.vs */; };
		4100C9C921087F6A00C24683 /* HelloColor.cpp in Sources */ = {isa = PBXBuildFile; fileRef = 4100C9C821087F6A00C24683 /* HelloColor.cpp */; };
		4100C9CC21088E9200C24683 /* hello_colors_light.vs in Sources */ = {isa = PBXBuildFile; fileRef = 4100C9CA21088E9200C24683 /* hello_colors_light.vs */; };
		4100C9CE21088EDB00C24683 /* hello_colors_obj.vs in Sources */ = {isa = PBXBuildFile; fileRef = 4100C9CD21088EDB00C24683 /* hello_colors_obj.vs */; };
		4100C9D021088F4E00C24683 /* hello_colors_obj.fs in Sources */ = {isa = PBXBuildFile; fileRef = 4100C9CF21088F4E00C24683 /* hello_colors_obj.fs */; };
		4100C9D5210D6E9D00C24683 /* libassimp.dylib in Frameworks */ = {isa = PBXBuildFile; fileRef = 4100C9D4210D6E9D00C24683 /* libassimp.dylib */; };
		4100C9D9210DB92300C24683 /* HelloModel.cpp in Sources */ = {isa = PBXBuildFile; fileRef = 4100C9D8210DB92300C24683 /* HelloModel.cpp */; };
		4100C9DC210DBE0A00C24683 /* hello_model.vs in Sources */ = {isa = PBXBuildFile; fileRef = 4100C9DA210DBE0A00C24683 /* hello_model.vs */; };
		4100C9DE210F564400C24683 /* HelloDepthTest.cpp in Sources */ = {isa = PBXBuildFile; fileRef = 4100C9DD210F564400C24683 /* HelloDepthTest.cpp */; };
		4100C9E1210F5BF800C24683 /* hello_depth_test.vs in Sources */ = {isa = PBXBuildFile; fileRef = 4100C9DF210F5BF800C24683 /* hello_depth_test.vs */; };
		4100C9E32110AD6D00C24683 /* HelloBlending.cpp in Sources */ = {isa = PBXBuildFile; fileRef = 4100C9E22110AD6D00C24683 /* HelloBlending.cpp */; };
		4100C9E5211341DA00C24683 /* HelloCubemaps.cpp in Sources */ = {isa = PBXBuildFile; fileRef = 4100C9E4211341DA00C24683 /* HelloCubemaps.cpp */; };
		4100C9E821134D8400C24683 /* skybox.vs in Sources */ = {isa = PBXBuildFile; fileRef = 4100C9E621134D8400C24683 /* skybox.vs */; };
		412DE580213BCC8A00227F1E /* HelloPBRLighting.cpp in Sources */ = {isa = PBXBuildFile; fileRef = 412DE57F213BCC8A00227F1E /* HelloPBRLighting.cpp */; };
		412DE582213EDBD200227F1E /* HelloPBRIBL.cpp in Sources */ = {isa = PBXBuildFile; fileRef = 412DE581213EDBD200227F1E /* HelloPBRIBL.cpp */; };
		413BA41121016D7B00AF6D95 /* main.cpp in Sources */ = {isa = PBXBuildFile; fileRef = 413BA41021016D7B00AF6D95 /* main.cpp */; };
		41D9518D2114491500B1AF94 /* cube.vs in Sources */ = {isa = PBXBuildFile; fileRef = 41D9518B2114491500B1AF94 /* cube.vs */; };
		41D951942118957B00B1AF94 /* HelloShadowMapping.cpp in Sources */ = {isa = PBXBuildFile; fileRef = 41D951932118957B00B1AF94 /* HelloShadowMapping.cpp */; };
		41D95196211B401800B1AF94 /* HelloFrameBuffer.cpp in Sources */ = {isa = PBXBuildFile; fileRef = 41D95195211B401800B1AF94 /* HelloFrameBuffer.cpp */; };
		41D95198211DDFBD00B1AF94 /* HelloHDR.cpp in Sources */ = {isa = PBXBuildFile; fileRef = 41D95197211DDFBD00B1AF94 /* HelloHDR.cpp */; };
		41D9519D21210DB100B1AF94 /* HelloBloom.cpp in Sources */ = {isa = PBXBuildFile; fileRef = 41D9519C21210DB100B1AF94 /* HelloBloom.cpp */; };
		41D951B121232ED300B1AF94 /* HelloDeferredShading.cpp in Sources */ = {isa = PBXBuildFile; fileRef = 41D951B021232ED300B1AF94 /* HelloDeferredShading.cpp */; };
/* End PBXBuildFile section */

/* Begin PBXCopyFilesBuildPhase section */
		413BA40B21016D7B00AF6D95 /* CopyFiles */ = {
			isa = PBXCopyFilesBuildPhase;
			buildActionMask = 2147483647;
			dstPath = /usr/share/man/man1/;
			dstSubfolderSpec = 0;
			files = (
			);
			runOnlyForDeploymentPostprocessing = 1;
		};
/* End PBXCopyFilesBuildPhase section */

/* Begin PBXFileReference section */
		4100C97B21017A0000C24683 /* libglfw3.a */ = {isa = PBXFileReference; lastKnownFileType = archive.ar; name = libglfw3.a; path = "third-party/glfw/lib/libglfw3.a"; sourceTree = "<group>"; };
		4100C97D21017AC600C24683 /* OpenGL.framework */ = {isa = PBXFileReference; lastKnownFileType = wrapper.framework; name = OpenGL.framework; path = System/Library/Frameworks/OpenGL.framework; sourceTree = SDKROOT; };
		4100C97F21017B1300C24683 /* QuartzCore.framework */ = {isa = PBXFileReference; lastKnownFileType = wrapper.framework; name = QuartzCore.framework; path = System/Library/Frameworks/QuartzCore.framework; sourceTree = SDKROOT; };
		4100C98121017BAA00C24683 /* CoreFoundation.framework */ = {isa = PBXFileReference; lastKnownFileType = wrapper.framework; name = CoreFoundation.framework; path = System/Library/Frameworks/CoreFoundation.framework; sourceTree = SDKROOT; };
		4100C98321017C0C00C24683 /* CoreGraphics.framework */ = {isa = PBXFileReference; lastKnownFileType = wrapper.framework; name = CoreGraphics.framework; path = System/Library/Frameworks/CoreGraphics.framework; sourceTree = SDKROOT; };
		4100C98521017C6A00C24683 /* CoreVideo.framework */ = {isa = PBXFileReference; lastKnownFileType = wrapper.framework; name = CoreVideo.framework; path = System/Library/Frameworks/CoreVideo.framework; sourceTree = SDKROOT; };
		4100C98721017C7100C24683 /* IOKit.framework */ = {isa = PBXFileReference; lastKnownFileType = wrapper.framework; name = IOKit.framework; path = System/Library/Frameworks/IOKit.framework; sourceTree = SDKROOT; };
		4100C98921017C9800C24683 /* AppKit.framework */ = {isa = PBXFileReference; lastKnownFileType = wrapper.framework; name = AppKit.framework; path = System/Library/Frameworks/AppKit.framework; sourceTree = SDKROOT; };
		4100C9942101D5E000C24683 /* glad.c */ = {isa = PBXFileReference; fileEncoding = 4; lastKnownFileType = sourcecode.c.c; name = glad.c; path = "third-party/glad/src/glad.c"; sourceTree = "<group>"; };
		4100C99621030F0A00C24683 /* LearnOpenGL.h */ = {isa = PBXFileReference; lastKnownFileType = sourcecode.c.h; path = LearnOpenGL.h; sourceTree = "<group>"; };
		4100C9992103100C00C24683 /* HelloTriangle.cpp */ = {isa = PBXFileReference; lastKnownFileType = sourcecode.cpp.cpp; path = HelloTriangle.cpp; sourceTree = "<group>"; };
		4100C99B210311CE00C24683 /* HelloWindows.cpp */ = {isa = PBXFileReference; lastKnownFileType = sourcecode.cpp.cpp; path = HelloWindows.cpp; sourceTree = "<group>"; };
		4100C99D21036DFD00C24683 /* HelloShader.cpp */ = {isa = PBXFileReference; lastKnownFileType = sourcecode.cpp.cpp; path = HelloShader.cpp; sourceTree = "<group>"; };
		4100C9A82103829600C24683 /* HelloShaderEX.cpp */ = {isa = PBXFileReference; lastKnownFileType = sourcecode.cpp.cpp; path = HelloShaderEX.cpp; sourceTree = "<group>"; };
		4100C9AB210382F600C24683 /* Shader.h */ = {isa = PBXFileReference; fileEncoding = 4; lastKnownFileType = sourcecode.c.h; path = Shader.h; sourceTree = "<group>"; };
		4100C9AD210383BF00C24683 /* hello_shaderex.vs */ = {isa = PBXFileReference; lastKnownFileType = sourcecode.glsl; path = hello_shaderex.vs; sourceTree = "<group>"; };
		4100C9AF210383EE00C24683 /* hello_shaderex.fs */ = {isa = PBXFileReference; lastKnownFileType = sourcecode.glsl; path = hello_shaderex.fs; sourceTree = "<group>"; };
		4100C9B12104D70000C24683 /* stb_image.h */ = {isa = PBXFileReference; fileEncoding = 4; lastKnownFileType = sourcecode.c.h; path = stb_image.h; sourceTree = "<group>"; };
		4100C9B22104D72600C24683 /* stb_image.cpp */ = {isa = PBXFileReference; lastKnownFileType = sourcecode.cpp.cpp; path = stb_image.cpp; sourceTree = "<group>"; };
		4100C9B52104D79B00C24683 /* HelloTexture.cpp */ = {isa = PBXFileReference; lastKnownFileType = sourcecode.cpp.cpp; path = HelloTexture.cpp; sourceTree = "<group>"; };
		4100C9B72104DB8100C24683 /* hello_texture.fs */ = {isa = PBXFileReference; lastKnownFileType = sourcecode.glsl; path = hello_texture.fs; sourceTree = "<group>"; };
		4100C9B82104DB8100C24683 /* hello_texture.vs */ = {isa = PBXFileReference; lastKnownFileType = sourcecode.glsl; path = hello_texture.vs; sourceTree = "<group>"; };
		4100C9BB210627F000C24683 /* HelloTransform.cpp */ = {isa = PBXFileReference; lastKnownFileType = sourcecode.cpp.cpp; path = HelloTransform.cpp; sourceTree = "<group>"; };
		4100C9BD2106D52B00C24683 /* hello_transform.vs */ = {isa = PBXFileReference; lastKnownFileType = sourcecode.glsl; path = hello_transform.vs; sourceTree = "<group>"; };
		4100C9BE2106D52B00C24683 /* hello_transform.fs */ = {isa = PBXFileReference; lastKnownFileType = sourcecode.glsl; path = hello_transform.fs; sourceTree = "<group>"; };
		4100C9C02106DB3900C24683 /* HelloCoord.cpp */ = {isa = PBXFileReference; lastKnownFileType = sourcecode.cpp.cpp; path = HelloCoord.cpp; sourceTree = "<group>"; };
		4100C9C42106DBB300C24683 /* hello_coord.vs */ = {isa = PBXFileReference; lastKnownFileType = sourcecode.glsl; path = hello_coord.vs; sourceTree = "<group>"; };
		4100C9C52106DBB300C24683 /* hello_coord.fs */ = {isa = PBXFileReference; lastKnownFileType = sourcecode.glsl; path = hello_coord.fs; sourceTree = "<group>"; };
		4100C9C721080BC700C24683 /* camera.h */ = {isa = PBXFileReference; lastKnownFileType = sourcecode.c.h; path = camera.h; sourceTree = "<group>"; };
		4100C9C821087F6A00C24683 /* HelloColor.cpp */ = {isa = PBXFileReference; lastKnownFileType = sourcecode.cpp.cpp; path = HelloColor.cpp; sourceTree = "<group>"; };
		4100C9CA21088E9200C24683 /* hello_colors_light.vs */ = {isa = PBXFileReference; lastKnownFileType = sourcecode.glsl; path = hello_colors_light.vs; sourceTree = "<group>"; };
		4100C9CB21088E9200C24683 /* hello_colors_light.fs */ = {isa = PBXFileReference; lastKnownFileType = sourcecode.glsl; path = hello_colors_light.fs; sourceTree = "<group>"; };
		4100C9CD21088EDB00C24683 /* hello_colors_obj.vs */ = {isa = PBXFileReference; lastKnownFileType = sourcecode.glsl; path = hello_colors_obj.vs; sourceTree = "<group>"; };
		4100C9CF21088F4E00C24683 /* hello_colors_obj.fs */ = {isa = PBXFileReference; lastKnownFileType = sourcecode.glsl; path = hello_colors_obj.fs; sourceTree = "<group>"; };
		4100C9D2210C207300C24683 /* shader_m.h */ = {isa = PBXFileReference; lastKnownFileType = sourcecode.c.h; path = shader_m.h; sourceTree = "<group>"; };
		4100C9D4210D6E9D00C24683 /* libassimp.dylib */ = {isa = PBXFileReference; lastKnownFileType = "compiled.mach-o.dylib"; name = libassimp.dylib; path = "third-party/assimp/lib/libassimp.dylib"; sourceTree = "<group>"; };
		4100C9D6210D742600C24683 /* mesh.h */ = {isa = PBXFileReference; lastKnownFileType = sourcecode.c.h; path = mesh.h; sourceTree = "<group>"; };
		4100C9D7210DA86000C24683 /* model.h */ = {isa = PBXFileReference; lastKnownFileType = sourcecode.c.h; path = model.h; sourceTree = "<group>"; };
		4100C9D8210DB92300C24683 /* HelloModel.cpp */ = {isa = PBXFileReference; lastKnownFileType = sourcecode.cpp.cpp; path = HelloModel.cpp; sourceTree = "<group>"; };
		4100C9DA210DBE0A00C24683 /* hello_model.vs */ = {isa = PBXFileReference; lastKnownFileType = sourcecode.glsl; path = hello_model.vs; sourceTree = "<group>"; };
		4100C9DB210DBE0A00C24683 /* hello_model.fs */ = {isa = PBXFileReference; lastKnownFileType = sourcecode.glsl; path = hello_model.fs; sourceTree = "<group>"; };
		4100C9DD210F564400C24683 /* HelloDepthTest.cpp */ = {isa = PBXFileReference; lastKnownFileType = sourcecode.cpp.cpp; path = HelloDepthTest.cpp; sourceTree = "<group>"; };
		4100C9DF210F5BF800C24683 /* hello_depth_test.vs */ = {isa = PBXFileReference; lastKnownFileType = sourcecode.glsl; path = hello_depth_test.vs; sourceTree = "<group>"; };
		4100C9E0210F5BF800C24683 /* hello_depth_test.fs */ = {isa = PBXFileReference; lastKnownFileType = sourcecode.glsl; path = hello_depth_test.fs; sourceTree = "<group>"; };
		4100C9E22110AD6D00C24683 /* HelloBlending.cpp */ = {isa = PBXFileReference; lastKnownFileType = sourcecode.cpp.cpp; path = HelloBlending.cpp; sourceTree = "<group>"; };
		4100C9E4211341DA00C24683 /* HelloCubemaps.cpp */ = {isa = PBXFileReference; lastKnownFileType = sourcecode.cpp.cpp; path = HelloCubemaps.cpp; sourceTree = "<group>"; };
		4100C9E621134D8400C24683 /* skybox.vs */ = {isa = PBXFileReference; lastKnownFileType = sourcecode.glsl; path = skybox.vs; sourceTree = "<group>"; };
		4100C9E721134D8400C24683 /* skybox.fs */ = {isa = PBXFileReference; lastKnownFileType = sourcecode.glsl; path = skybox.fs; sourceTree = "<group>"; };
		412DE57F213BCC8A00227F1E /* HelloPBRLighting.cpp */ = {isa = PBXFileReference; lastKnownFileType = sourcecode.cpp.cpp; path = HelloPBRLighting.cpp; sourceTree = "<group>"; };
		412DE581213EDBD200227F1E /* HelloPBRIBL.cpp */ = {isa = PBXFileReference; lastKnownFileType = sourcecode.cpp.cpp; path = HelloPBRIBL.cpp; sourceTree = "<group>"; };
		413BA40D21016D7B00AF6D95 /* LearnOpenGL */ = {isa = PBXFileReference; explicitFileType = "compiled.mach-o.executable"; includeInIndex = 0; path = LearnOpenGL; sourceTree = BUILT_PRODUCTS_DIR; };
		413BA41021016D7B00AF6D95 /* main.cpp */ = {isa = PBXFileReference; lastKnownFileType = sourcecode.cpp.cpp; path = main.cpp; sourceTree = "<group>"; };
		41D9518B2114491500B1AF94 /* cube.vs */ = {isa = PBXFileReference; lastKnownFileType = sourcecode.glsl; path = cube.vs; sourceTree = "<group>"; };
		41D9518C2114491500B1AF94 /* cube.fs */ = {isa = PBXFileReference; lastKnownFileType = sourcecode.glsl; path = cube.fs; sourceTree = "<group>"; };
		41D951932118957B00B1AF94 /* HelloShadowMapping.cpp */ = {isa = PBXFileReference; lastKnownFileType = sourcecode.cpp.cpp; path = HelloShadowMapping.cpp; sourceTree = "<group>"; };
		41D95195211B401800B1AF94 /* HelloFrameBuffer.cpp */ = {isa = PBXFileReference; lastKnownFileType = sourcecode.cpp.cpp; path = HelloFrameBuffer.cpp; sourceTree = "<group>"; };
		41D95197211DDFBD00B1AF94 /* HelloHDR.cpp */ = {isa = PBXFileReference; lastKnownFileType = sourcecode.cpp.cpp; path = HelloHDR.cpp; sourceTree = "<group>"; };
		41D9519A211DE13300B1AF94 /* utils.hpp */ = {isa = PBXFileReference; lastKnownFileType = sourcecode.cpp.h; path = utils.hpp; sourceTree = "<group>"; };
		41D9519C21210DB100B1AF94 /* HelloBloom.cpp */ = {isa = PBXFileReference; lastKnownFileType = sourcecode.cpp.cpp; path = HelloBloom.cpp; sourceTree = "<group>"; };
		41D951B021232ED300B1AF94 /* HelloDeferredShading.cpp */ = {isa = PBXFileReference; lastKnownFileType = sourcecode.cpp.cpp; path = HelloDeferredShading.cpp; sourceTree = "<group>"; };
/* End PBXFileReference section */

/* Begin PBXFrameworksBuildPhase section */
		413BA40A21016D7B00AF6D95 /* Frameworks */ = {
			isa = PBXFrameworksBuildPhase;
			buildActionMask = 2147483647;
			files = (
				4100C98A21017C9800C24683 /* AppKit.framework in Frameworks */,
				4100C98821017C7100C24683 /* IOKit.framework in Frameworks */,
				4100C98621017C6A00C24683 /* CoreVideo.framework in Frameworks */,
				4100C98421017C0C00C24683 /* CoreGraphics.framework in Frameworks */,
				4100C98221017BAA00C24683 /* CoreFoundation.framework in Frameworks */,
				4100C98021017B1300C24683 /* QuartzCore.framework in Frameworks */,
				4100C97E21017AC600C24683 /* OpenGL.framework in Frameworks */,
				4100C97C21017A0000C24683 /* libglfw3.a in Frameworks */,
				4100C9D5210D6E9D00C24683 /* libassimp.dylib in Frameworks */,
			);
			runOnlyForDeploymentPostprocessing = 0;
		};
/* End PBXFrameworksBuildPhase section */

/* Begin PBXGroup section */
		4100C978210179E000C24683 /* Frameworks */ = {
			isa = PBXGroup;
			children = (
				4100C9D4210D6E9D00C24683 /* libassimp.dylib */,
				4100C98921017C9800C24683 /* AppKit.framework */,
				4100C98721017C7100C24683 /* IOKit.framework */,
				4100C98521017C6A00C24683 /* CoreVideo.framework */,
				4100C98321017C0C00C24683 /* CoreGraphics.framework */,
				4100C98121017BAA00C24683 /* CoreFoundation.framework */,
				4100C97F21017B1300C24683 /* QuartzCore.framework */,
				4100C97D21017AC600C24683 /* OpenGL.framework */,
				4100C97B21017A0000C24683 /* libglfw3.a */,
			);
			name = Frameworks;
			sourceTree = "<group>";
		};
		4100C9922101D5A300C24683 /* third-party */ = {
			isa = PBXGroup;
			children = (
				4100C9932101D5BF00C24683 /* glad */,
			);
			name = "third-party";
			sourceTree = "<group>";
		};
		4100C9932101D5BF00C24683 /* glad */ = {
			isa = PBXGroup;
			children = (
				4100C9942101D5E000C24683 /* glad.c */,
			);
			name = glad;
			sourceTree = "<group>";
		};
		4100C9A72103824B00C24683 /* shaders */ = {
			isa = PBXGroup;
			children = (
				4100C9AD210383BF00C24683 /* hello_shaderex.vs */,
				4100C9AF210383EE00C24683 /* hello_shaderex.fs */,
				4100C9B72104DB8100C24683 /* hello_texture.fs */,
				4100C9B82104DB8100C24683 /* hello_texture.vs */,
				4100C9BD2106D52B00C24683 /* hello_transform.vs */,
				4100C9BE2106D52B00C24683 /* hello_transform.fs */,
				4100C9C42106DBB300C24683 /* hello_coord.vs */,
				4100C9C52106DBB300C24683 /* hello_coord.fs */,
				4100C9CA21088E9200C24683 /* hello_colors_light.vs */,
				4100C9CB21088E9200C24683 /* hello_colors_light.fs */,
				4100C9CD21088EDB00C24683 /* hello_colors_obj.vs */,
				4100C9CF21088F4E00C24683 /* hello_colors_obj.fs */,
				4100C9DA210DBE0A00C24683 /* hello_model.vs */,
				4100C9DB210DBE0A00C24683 /* hello_model.fs */,
				4100C9DF210F5BF800C24683 /* hello_depth_test.vs */,
				4100C9E0210F5BF800C24683 /* hello_depth_test.fs */,
				4100C9E621134D8400C24683 /* skybox.vs */,
				4100C9E721134D8400C24683 /* skybox.fs */,
				41D9518B2114491500B1AF94 /* cube.vs */,
				41D9518C2114491500B1AF94 /* cube.fs */,
			);
			path = shaders;
			sourceTree = "<group>";
		};
		4100C9B42104D75900C24683 /* src */ = {
			isa = PBXGroup;
			children = (
			);
			path = src;
			sourceTree = "<group>";
		};
		413BA40421016D7B00AF6D95 = {
			isa = PBXGroup;
			children = (
				4100C9B42104D75900C24683 /* src */,
				4100C9A72103824B00C24683 /* shaders */,
				4100C9922101D5A300C24683 /* third-party */,
				413BA40F21016D7B00AF6D95 /* LearnOpenGL */,
				413BA40E21016D7B00AF6D95 /* Products */,
				4100C978210179E000C24683 /* Frameworks */,
			);
			sourceTree = "<group>";
		};
		413BA40E21016D7B00AF6D95 /* Products */ = {
			isa = PBXGroup;
			children = (
				413BA40D21016D7B00AF6D95 /* LearnOpenGL */,
			);
			name = Products;
			sourceTree = "<group>";
		};
		413BA40F21016D7B00AF6D95 /* LearnOpenGL */ = {
			isa = PBXGroup;
			children = (
				4100C9B12104D70000C24683 /* stb_image.h */,
				4100C9AB210382F600C24683 /* Shader.h */,
				413BA41021016D7B00AF6D95 /* main.cpp */,
				4100C99621030F0A00C24683 /* LearnOpenGL.h */,
				4100C9992103100C00C24683 /* HelloTriangle.cpp */,
				4100C99B210311CE00C24683 /* HelloWindows.cpp */,
				4100C99D21036DFD00C24683 /* HelloShader.cpp */,
				4100C9A82103829600C24683 /* HelloShaderEX.cpp */,
				4100C9B22104D72600C24683 /* stb_image.cpp */,
				4100C9B52104D79B00C24683 /* HelloTexture.cpp */,
				4100C9BB210627F000C24683 /* HelloTransform.cpp */,
				4100C9C02106DB3900C24683 /* HelloCoord.cpp */,
				4100C9C721080BC700C24683 /* camera.h */,
				4100C9C821087F6A00C24683 /* HelloColor.cpp */,
				4100C9D2210C207300C24683 /* shader_m.h */,
				4100C9D6210D742600C24683 /* mesh.h */,
				4100C9D7210DA86000C24683 /* model.h */,
				4100C9D8210DB92300C24683 /* HelloModel.cpp */,
				4100C9DD210F564400C24683 /* HelloDepthTest.cpp */,
				4100C9E22110AD6D00C24683 /* HelloBlending.cpp */,
				4100C9E4211341DA00C24683 /* HelloCubemaps.cpp */,
				41D951932118957B00B1AF94 /* HelloShadowMapping.cpp */,
				41D95195211B401800B1AF94 /* HelloFrameBuffer.cpp */,
				41D95197211DDFBD00B1AF94 /* HelloHDR.cpp */,
				41D9519A211DE13300B1AF94 /* utils.hpp */,
				41D9519C21210DB100B1AF94 /* HelloBloom.cpp */,
				41D951B021232ED300B1AF94 /* HelloDeferredShading.cpp */,
				412DE57F213BCC8A00227F1E /* HelloPBRLighting.cpp */,
				412DE581213EDBD200227F1E /* HelloPBRIBL.cpp */,
			);
			path = LearnOpenGL;
			sourceTree = "<group>";
		};
/* End PBXGroup section */

/* Begin PBXNativeTarget section */
		413BA40C21016D7B00AF6D95 /* LearnOpenGL */ = {
			isa = PBXNativeTarget;
			buildConfigurationList = 413BA41421016D7B00AF6D95 /* Build configuration list for PBXNativeTarget "LearnOpenGL" */;
			buildPhases = (
				413BA40921016D7B00AF6D95 /* Sources */,
				413BA40A21016D7B00AF6D95 /* Frameworks */,
				413BA40B21016D7B00AF6D95 /* CopyFiles */,
			);
			buildRules = (
			);
			dependencies = (
			);
			name = LearnOpenGL;
			productName = LearnOpenGL;
			productReference = 413BA40D21016D7B00AF6D95 /* LearnOpenGL */;
			productType = "com.apple.product-type.tool";
		};
/* End PBXNativeTarget section */

/* Begin PBXProject section */
		413BA40521016D7B00AF6D95 /* Project object */ = {
			isa = PBXProject;
			attributes = {
				LastUpgradeCheck = 0920;
				ORGANIZATIONNAME = com.xuchdong;
				TargetAttributes = {
					413BA40C21016D7B00AF6D95 = {
						CreatedOnToolsVersion = 9.2;
						ProvisioningStyle = Automatic;
					};
				};
			};
			buildConfigurationList = 413BA40821016D7B00AF6D95 /* Build configuration list for PBXProject "LearnOpenGL" */;
			compatibilityVersion = "Xcode 8.0";
			developmentRegion = en;
			hasScannedForEncodings = 0;
			knownRegions = (
				en,
			);
			mainGroup = 413BA40421016D7B00AF6D95;
			productRefGroup = 413BA40E21016D7B00AF6D95 /* Products */;
			projectDirPath = "";
			projectRoot = "";
			targets = (
				413BA40C21016D7B00AF6D95 /* LearnOpenGL */,
			);
		};
/* End PBXProject section */

/* Begin PBXSourcesBuildPhase section */
		413BA40921016D7B00AF6D95 /* Sources */ = {
			isa = PBXSourcesBuildPhase;
			buildActionMask = 2147483647;
			files = (
				4100C9DC210DBE0A00C24683 /* hello_model.vs in Sources */,
				4100C9D9210DB92300C24683 /* HelloModel.cpp in Sources */,
				41D9518D2114491500B1AF94 /* cube.vs in Sources */,
				412DE582213EDBD200227F1E /* HelloPBRIBL.cpp in Sources */,
				4100C9BC210627F000C24683 /* HelloTransform.cpp in Sources */,
				4100C9BF2106D52B00C24683 /* hello_transform.vs in Sources */,
				41D95198211DDFBD00B1AF94 /* HelloHDR.cpp in Sources */,
				4100C9CE21088EDB00C24683 /* hello_colors_obj.vs in Sources */,
				4100C9C921087F6A00C24683 /* HelloColor.cpp in Sources */,
				4100C9DE210F564400C24683 /* HelloDepthTest.cpp in Sources */,
				4100C9E5211341DA00C24683 /* HelloCubemaps.cpp in Sources */,
				4100C99C210311CE00C24683 /* HelloWindows.cpp in Sources */,
				4100C9B0210383EE00C24683 /* hello_shaderex.fs in Sources */,
				4100C9B92104DB8100C24683 /* hello_texture.fs in Sources */,
				4100C9E821134D8400C24683 /* skybox.vs in Sources */,
				413BA41121016D7B00AF6D95 /* main.cpp in Sources */,
				4100C9952101D5E000C24683 /* glad.c in Sources */,
				412DE580213BCC8A00227F1E /* HelloPBRLighting.cpp in Sources */,
				41D9519D21210DB100B1AF94 /* HelloBloom.cpp in Sources */,
				4100C9A92103829600C24683 /* HelloShaderEX.cpp in Sources */,
				4100C9AE210383BF00C24683 /* hello_shaderex.vs in Sources */,
				4100C9C62106DBB300C24683 /* hello_coord.vs in Sources */,
				4100C9E1210F5BF800C24683 /* hello_depth_test.vs in Sources */,
				4100C9B62104D79B00C24683 /* HelloTexture.cpp in Sources */,
				41D95196211B401800B1AF94 /* HelloFrameBuffer.cpp in Sources */,
				4100C9E32110AD6D00C24683 /* HelloBlending.cpp in Sources */,
				4100C9CC21088E9200C24683 /* hello_colors_light.vs in Sources */,
				4100C9C12106DB3900C24683 /* HelloCoord.cpp in Sources */,
				4100C9D021088F4E00C24683 /* hello_colors_obj.fs in Sources */,
				4100C9B32104D72600C24683 /* stb_image.cpp in Sources */,
				41D951B121232ED300B1AF94 /* HelloDeferredShading.cpp in Sources */,
				41D951942118957B00B1AF94 /* HelloShadowMapping.cpp in Sources */,
				4100C99E21036DFD00C24683 /* HelloShader.cpp in Sources */,
				4100C99A2103100C00C24683 /* HelloTriangle.cpp in Sources */,
			);
			runOnlyForDeploymentPostprocessing = 0;
		};
/* End PBXSourcesBuildPhase section */

/* Begin XCBuildConfiguration section */
		413BA41221016D7B00AF6D95 /* Debug */ = {
			isa = XCBuildConfiguration;
			buildSettings = {
				ALWAYS_SEARCH_USER_PATHS = NO;
				CLANG_ANALYZER_NONNULL = YES;
				CLANG_ANALYZER_NUMBER_OBJECT_CONVERSION = YES_AGGRESSIVE;
				CLANG_CXX_LANGUAGE_STANDARD = "gnu++14";
				CLANG_CXX_LIBRARY = "libc++";
				CLANG_ENABLE_MODULES = YES;
				CLANG_ENABLE_OBJC_ARC = YES;
				CLANG_WARN_BLOCK_CAPTURE_AUTORELEASING = YES;
				CLANG_WARN_BOOL_CONVERSION = YES;
				CLANG_WARN_COMMA = YES;
				CLANG_WARN_CONSTANT_CONVERSION = YES;
				CLANG_WARN_DIRECT_OBJC_ISA_USAGE = YES_ERROR;
				CLANG_WARN_DOCUMENTATION_COMMENTS = YES;
				CLANG_WARN_EMPTY_BODY = YES;
				CLANG_WARN_ENUM_CONVERSION = YES;
				CLANG_WARN_INFINITE_RECURSION = YES;
				CLANG_WARN_INT_CONVERSION = YES;
				CLANG_WARN_NON_LITERAL_NULL_CONVERSION = YES;
				CLANG_WARN_OBJC_LITERAL_CONVERSION = YES;
				CLANG_WARN_OBJC_ROOT_CLASS = YES_ERROR;
				CLANG_WARN_RANGE_LOOP_ANALYSIS = YES;
				CLANG_WARN_STRICT_PROTOTYPES = YES;
				CLANG_WARN_SUSPICIOUS_MOVE = YES;
				CLANG_WARN_UNGUARDED_AVAILABILITY = YES_AGGRESSIVE;
				CLANG_WARN_UNREACHABLE_CODE = YES;
				CLANG_WARN__DUPLICATE_METHOD_MATCH = YES;
				CODE_SIGN_IDENTITY = "Mac Developer";
				COPY_PHASE_STRIP = NO;
				DEBUG_INFORMATION_FORMAT = dwarf;
				ENABLE_STRICT_OBJC_MSGSEND = YES;
				ENABLE_TESTABILITY = YES;
				GCC_C_LANGUAGE_STANDARD = gnu11;
				GCC_DYNAMIC_NO_PIC = NO;
				GCC_NO_COMMON_BLOCKS = YES;
				GCC_OPTIMIZATION_LEVEL = 0;
				GCC_PREPROCESSOR_DEFINITIONS = (
					"DEBUG=1",
					"$(inherited)",
				);
				GCC_WARN_64_TO_32_BIT_CONVERSION = YES;
				GCC_WARN_ABOUT_RETURN_TYPE = YES_ERROR;
				GCC_WARN_UNDECLARED_SELECTOR = YES;
				GCC_WARN_UNINITIALIZED_AUTOS = YES_AGGRESSIVE;
				GCC_WARN_UNUSED_FUNCTION = YES;
				GCC_WARN_UNUSED_VARIABLE = YES;
				MACOSX_DEPLOYMENT_TARGET = 10.13;
				MTL_ENABLE_DEBUG_INFO = YES;
				ONLY_ACTIVE_ARCH = YES;
				SDKROOT = macosx;
			};
			name = Debug;
		};
		413BA41321016D7B00AF6D95 /* Release */ = {
			isa = XCBuildConfiguration;
			buildSettings = {
				ALWAYS_SEARCH_USER_PATHS = NO;
				CLANG_ANALYZER_NONNULL = YES;
				CLANG_ANALYZER_NUMBER_OBJECT_CONVERSION = YES_AGGRESSIVE;
				CLANG_CXX_LANGUAGE_STANDARD = "gnu++14";
				CLANG_CXX_LIBRARY = "libc++";
				CLANG_ENABLE_MODULES = YES;
				CLANG_ENABLE_OBJC_ARC = YES;
				CLANG_WARN_BLOCK_CAPTURE_AUTORELEASING = YES;
				CLANG_WARN_BOOL_CONVERSION = YES;
				CLANG_WARN_COMMA = YES;
				CLANG_WARN_CONSTANT_CONVERSION = YES;
				CLANG_WARN_DIRECT_OBJC_ISA_USAGE = YES_ERROR;
				CLANG_WARN_DOCUMENTATION_COMMENTS = YES;
				CLANG_WARN_EMPTY_BODY = YES;
				CLANG_WARN_ENUM_CONVERSION = YES;
				CLANG_WARN_INFINITE_RECURSION = YES;
				CLANG_WARN_INT_CONVERSION = YES;
				CLANG_WARN_NON_LITERAL_NULL_CONVERSION = YES;
				CLANG_WARN_OBJC_LITERAL_CONVERSION = YES;
				CLANG_WARN_OBJC_ROOT_CLASS = YES_ERROR;
				CLANG_WARN_RANGE_LOOP_ANALYSIS = YES;
				CLANG_WARN_STRICT_PROTOTYPES = YES;
				CLANG_WARN_SUSPICIOUS_MOVE = YES;
				CLANG_WARN_UNGUARDED_AVAILABILITY = YES_AGGRESSIVE;
				CLANG_WARN_UNREACHABLE_CODE = YES;
				CLANG_WARN__DUPLICATE_METHOD_MATCH = YES;
				CODE_SIGN_IDENTITY = "Mac Developer";
				COPY_PHASE_STRIP = NO;
				DEBUG_INFORMATION_FORMAT = "dwarf-with-dsym";
				ENABLE_NS_ASSERTIONS = NO;
				ENABLE_STRICT_OBJC_MSGSEND = YES;
				GCC_C_LANGUAGE_STANDARD = gnu11;
				GCC_NO_COMMON_BLOCKS = YES;
				GCC_WARN_64_TO_32_BIT_CONVERSION = YES;
				GCC_WARN_ABOUT_RETURN_TYPE = YES_ERROR;
				GCC_WARN_UNDECLARED_SELECTOR = YES;
				GCC_WARN_UNINITIALIZED_AUTOS = YES_AGGRESSIVE;
				GCC_WARN_UNUSED_FUNCTION = YES;
				GCC_WARN_UNUSED_VARIABLE = YES;
				MACOSX_DEPLOYMENT_TARGET = 10.13;
				MTL_ENABLE_DEBUG_INFO = NO;
				SDKROOT = macosx;
			};
			name = Release;
		};
		413BA41521016D7B00AF6D95 /* Debug */ = {
			isa = XCBuildConfiguration;
			buildSettings = {
				CODE_SIGN_STYLE = Automatic;
				DEVELOPMENT_TEAM = EBPA23G69Z;
				HEADER_SEARCH_PATHS = (
					"$(PROJECT_DIR)/third-party/glad/include",
					"$(PROJECT_DIR)/third-party/glfw/include",
					"$(PROJECT_DIR)/third-party/glm/include",
					"$(PROJECT_DIR)/third-party/assimp/include",
				);
				LIBRARY_SEARCH_PATHS = (
					"$(inherited)",
					"$(PROJECT_DIR)/third-party/glfw/lib",
					"$(PROJECT_DIR)/third-party/assimp/lib",
				);
				PRODUCT_NAME = "$(TARGET_NAME)";
			};
			name = Debug;
		};
		413BA41621016D7B00AF6D95 /* Release */ = {
			isa = XCBuildConfiguration;
			buildSettings = {
				CODE_SIGN_STYLE = Automatic;
				DEVELOPMENT_TEAM = EBPA23G69Z;
				HEADER_SEARCH_PATHS = (
					"$(PROJECT_DIR)/third-party/glad/include",
					"$(PROJECT_DIR)/third-party/glfw/include",
					"$(PROJECT_DIR)/third-party/glm/include",
					"$(PROJECT_DIR)/third-party/assimp/include",
				);
				LIBRARY_SEARCH_PATHS = (
					"$(inherited)",
					"$(PROJECT_DIR)/third-party/glfw/lib",
					"$(PROJECT_DIR)/third-party/assimp/lib",
				);
				PRODUCT_NAME = "$(TARGET_NAME)";
			};
			name = Release;
		};
/* End XCBuildConfiguration section */

/* Begin XCConfigurationList section */
		413BA40821016D7B00AF6D95 /* Build configuration list for PBXProject "LearnOpenGL" */ = {
			isa = XCConfigurationList;
			buildConfigurations = (
				413BA41221016D7B00AF6D95 /* Debug */,
				413BA41321016D7B00AF6D95 /* Release */,
			);
			defaultConfigurationIsVisible = 0;
			defaultConfigurationName = Release;
		};
		413BA41421016D7B00AF6D95 /* Build configuration list for PBXNativeTarget "LearnOpenGL" */ = {
			isa = XCConfigurationList;
			buildConfigurations = (
				413BA41521016D7B00AF6D95 /* Debug */,
				413BA41621016D7B00AF6D95 /* Release */,
			);
			defaultConfigurationIsVisible = 0;
			defaultConfigurationName = Release;
		};
/* End XCConfigurationList section */
	};
	rootObject = 413BA40521016D7B00AF6D95 /* Project object */;
}
